{
  "name": "capstone",
  "lockfileVersion": 2,
  "requires": true,
  "packages": {
    "": {
      "dependencies": {
        "react-live-clock": "^6.1.1",
        "react-moment": "^1.1.2"
      }
    },
    "node_modules/moment": {
      "version": "2.29.4",
      "resolved": "https://registry.npmjs.org/moment/-/moment-2.29.4.tgz",
      "integrity": "sha512-5LC9SOxjSc2HF6vO2CyuTDNivEdoz2IvyJJGj6X8DJ0eFyfszE0QiEd+iXmBvUP3WHxSjFH/vIsA0EN00cgr8w==",
      "engines": {
        "node": "*"
      }
    },
    "node_modules/moment-timezone": {
      "version": "0.5.40",
      "resolved": "https://registry.npmjs.org/moment-timezone/-/moment-timezone-0.5.40.tgz",
      "integrity": "sha512-tWfmNkRYmBkPJz5mr9GVDn9vRlVZOTe6yqY92rFxiOdWXbjaR0+9LwQnZGGuNR63X456NqmEkbskte8tWL5ePg==",
      "dependencies": {
        "moment": ">= 2.9.0"
      },
      "engines": {
        "node": "*"
      }
    },
    "node_modules/react-live-clock": {
      "version": "6.1.1",
      "resolved": "https://registry.npmjs.org/react-live-clock/-/react-live-clock-6.1.1.tgz",
      "integrity": "sha512-R3i/cQODpZSju6ZUYUb6q1ScsS1YpBsbVpvg0Za7aW60pH/67TyGbASScJ+aQ/fh7QYmxNwshc+YN0z0N33Dcg==",
      "dependencies": {
        "moment": "^2.29.1",
        "moment-timezone": "^0.5.33"
      },
      "peerDependencies": {
        "react": "^16.14.0 || ^17 || ^18",
        "react-moment": "1.1.2"
      }
    },
    "node_modules/react-moment": {
      "version": "1.1.2",
      "resolved": "https://registry.npmjs.org/react-moment/-/react-moment-1.1.2.tgz",
      "integrity": "sha512-lfb+shYXI2tXlQrNUpNr05/1D/kzFj8Isbfp89DQrpZk0fs2JIAnLHWETR0hQS9zvtzwLWlVv0wKLffbue5HoA==",
      "peerDependencies": {
        "moment": "^2.29.0",
        "prop-types": "^15.7.0",
        "react": "^16.0 || ^17.0.0 || ^18.0.0"
      }
    }
  },
  "dependencies": {
    "moment": {
      "version": "2.29.4",
      "resolved": "https://registry.npmjs.org/moment/-/moment-2.29.4.tgz",
      "integrity": "sha512-5LC9SOxjSc2HF6vO2CyuTDNivEdoz2IvyJJGj6X8DJ0eFyfszE0QiEd+iXmBvUP3WHxSjFH/vIsA0EN00cgr8w=="
    },
    "moment-timezone": {
      "version": "0.5.40",
      "resolved": "https://registry.npmjs.org/moment-timezone/-/moment-timezone-0.5.40.tgz",
      "integrity": "sha512-tWfmNkRYmBkPJz5mr9GVDn9vRlVZOTe6yqY92rFxiOdWXbjaR0+9LwQnZGGuNR63X456NqmEkbskte8tWL5ePg==",
      "requires": {
        "moment": ">= 2.9.0"
      }
    },
    "react-live-clock": {
      "version": "6.1.1",
      "resolved": "https://registry.npmjs.org/react-live-clock/-/react-live-clock-6.1.1.tgz",
      "integrity": "sha512-R3i/cQODpZSju6ZUYUb6q1ScsS1YpBsbVpvg0Za7aW60pH/67TyGbASScJ+aQ/fh7QYmxNwshc+YN0z0N33Dcg==",
      "requires": {
        "moment": "^2.29.1",
        "moment-timezone": "^0.5.33"
      }
    },
    "react-moment": {
      "version": "1.1.2",
      "resolved": "https://registry.npmjs.org/react-moment/-/react-moment-1.1.2.tgz",
      "integrity": "sha512-lfb+shYXI2tXlQrNUpNr05/1D/kzFj8Isbfp89DQrpZk0fs2JIAnLHWETR0hQS9zvtzwLWlVv0wKLffbue5HoA=="
    }
  }
}
